
Microsoft Visual Studio Solution File, Format Version 12.00
# Visual Studio Version 17
VisualStudioVersion = 17.5.002.0
MinimumVisualStudioVersion = 10.0.40219.1
Project("{9A19103F-16F7-4668-BE54-9A1E7A4F7556}") = "Csharp", "Csharp\Csharp.csproj", "{181BA595-1DF9-46C6-8B31-F36D71A2C6AA}"
EndProject
Global
	GlobalSection(SolutionConfigurationPlatforms) = preSolution
		Debug|Any CPU = Debug|Any CPU
		Release|Any CPU = Release|Any CPU
	EndGlobalSection
	GlobalSection(ProjectConfigurationPlatforms) = postSolution
		{181BA595-1DF9-46C6-8B31-F36D71A2C6AA}.Debug|Any CPU.ActiveCfg = Debug|Any CPU
		{181BA595-1DF9-46C6-8B31-F36D71A2C6AA}.Debug|Any CPU.Build.0 = Debug|Any CPU
		{181BA595-1DF9-46C6-8B31-F36D71A2C6AA}.Release|Any CPU.ActiveCfg = Release|Any CPU
		{181BA595-1DF9-46C6-8B31-F36D71A2C6AA}.Release|Any CPU.Build.0 = Release|Any CPU
	EndGlobalSection
	GlobalSection(SolutionProperties) = preSolution
		HideSolutionNode = FALSE
	EndGlobalSection
	GlobalSection(ExtensibilityGlobals) = postSolution
		SolutionGuid = {F8F99A3E-AB95-4A89-AB39-0C3D1E6BD5DA}
	EndGlobalSection
EndGlobal
